// !$*UTF8*$!
{
	archiveVersion = 1;
	classes = {
	};
	objectVersion = 77;
	objects = {

/* Begin PBXBuildFile section */
		01C97BBFF27651C203699259 /* Asset.swift in Sources */ = {isa = PBXBuildFile; fileRef = 851A8972E59C29AF24E442FE /* Asset.swift */; };
		15C766D89943815224182A2A /* NetWorthSnapshotTests.swift in Sources */ = {isa = PBXBuildFile; fileRef = 7039DC9BFF893E64B7C3F944 /* NetWorthSnapshotTests.swift */; };
		195A490CCD061681F2E34758 /* AssetAllocationChart.swift in Sources */ = {isa = PBXBuildFile; fileRef = 2C8691E6B308DF694A315FF0 /* AssetAllocationChart.swift */; };
		1CFC24CBEAF8BEA38C05695F /* LiabilityType.swift in Sources */ = {isa = PBXBuildFile; fileRef = B78C55B328995C36D3575614 /* LiabilityType.swift */; };
		22FAA43D3CC72A6DA79D630F /* ExpenseCategory.swift in Sources */ = {isa = PBXBuildFile; fileRef = 22EC4EFD8A27FEBCCC647F4F /* ExpenseCategory.swift */; };
		2981E0EB644DD03737225030 /* SparkAreaChart.swift in Sources */ = {isa = PBXBuildFile; fileRef = 2BFFAEEBC0976A7DD69B5378 /* SparkAreaChart.swift */; };
		2DA27D14188507FA01B5CFA6 /* BudgetViewModelTests.swift in Sources */ = {isa = PBXBuildFile; fileRef = 4C18D86516BE3AB448B834A5 /* BudgetViewModelTests.swift */; };
		3442BA68E5CA79C0D7AB9B10 /* NestWorthApp.swift in Sources */ = {isa = PBXBuildFile; fileRef = 0E98D73771D971573EBA9C7C /* NestWorthApp.swift */; };
		3BD121B0CE2E225F6594CFE9 /* AddExpenseSheet.swift in Sources */ = {isa = PBXBuildFile; fileRef = E1E170B9FBB7E4AD322E9871 /* AddExpenseSheet.swift */; };
		4C518CE20F3C8B2F18D063BA /* EmptyStateView.swift in Sources */ = {isa = PBXBuildFile; fileRef = 7B04A7B2C6FB731B8BEB5FA2 /* EmptyStateView.swift */; };
		5011BFC0CBBE6E0FF8CFAA33 /* NetWorthSnapshot.swift in Sources */ = {isa = PBXBuildFile; fileRef = 8A89961C27E60416667C870B /* NetWorthSnapshot.swift */; };
		5269D9A49780CA59399FD3C3 /* CircularProgressRing.swift in Sources */ = {isa = PBXBuildFile; fileRef = 5233CE6127C12686FD7338BB /* CircularProgressRing.swift */; };
		5281B0AC7CE44EC4BB591963 /* LiabilityTests.swift in Sources */ = {isa = PBXBuildFile; fileRef = ACC25F91FA97F7AF884A7D0C /* LiabilityTests.swift */; };
		53EE1FA0523C213A7133E830 /* AnimatedCurrencyText.swift in Sources */ = {isa = PBXBuildFile; fileRef = 26B9047B0F94605C4F5C8D70 /* AnimatedCurrencyText.swift */; };
		55653CAD7CE6A82D9FEB1D88 /* SpendingDonutChart.swift in Sources */ = {isa = PBXBuildFile; fileRef = E829070DE0AEF9FBDEA9C212 /* SpendingDonutChart.swift */; };
		5D2F30BEF8DB1DB289C05978 /* DateHelpers.swift in Sources */ = {isa = PBXBuildFile; fileRef = 425EB14BB236616BC95641D4 /* DateHelpers.swift */; };
		645C9A8606B73B651E61BF64 /* BudgetBarChart.swift in Sources */ = {isa = PBXBuildFile; fileRef = 7CD6239C14A9F5BF53802F13 /* BudgetBarChart.swift */; };
		663C946E1538DCAE571A36B3 /* IncomeEntry.swift in Sources */ = {isa = PBXBuildFile; fileRef = A15992ECFAEC4ACB9CF769A8 /* IncomeEntry.swift */; };
		6B72DF118B3EA36119E709D9 /* CurrencyFormatterTests.swift in Sources */ = {isa = PBXBuildFile; fileRef = 50159CBD332253C8B7929DA5 /* CurrencyFormatterTests.swift */; };
		6F0FC900D746BA4909048B3F /* SnapshotRowView.swift in Sources */ = {isa = PBXBuildFile; fileRef = D400278359134414F245FC59 /* SnapshotRowView.swift */; };
		723F1143933E497B7A0C929F /* CurrencyFormatter.swift in Sources */ = {isa = PBXBuildFile; fileRef = A6BAF1BA559FF13642B261C5 /* CurrencyFormatter.swift */; };
		7300D1138984E418C3089D05 /* IncomeSource+Theme.swift in Sources */ = {isa = PBXBuildFile; fileRef = F8588FF5EC624834CC17CD79 /* IncomeSource+Theme.swift */; };
		7796965115C4ECBD709B1061 /* ContentView.swift in Sources */ = {isa = PBXBuildFile; fileRef = 2F4ED51D820617D06ABDAB0F /* ContentView.swift */; };
		82C667598571AA4738EAB360 /* AssetType.swift in Sources */ = {isa = PBXBuildFile; fileRef = 9B63CCE65BD53C8448C9741D /* AssetType.swift */; };
		875DE2D899EF245135AED92E /* BudgetTabView.swift in Sources */ = {isa = PBXBuildFile; fileRef = 9ACDF1059B87B7A45A32CB79 /* BudgetTabView.swift */; };
		889014962D7A2B83431AAC6F /* AppTheme.swift in Sources */ = {isa = PBXBuildFile; fileRef = 65C185B3B8D118E9AFB8AE74 /* AppTheme.swift */; };
		8DF4E045FA78167900336F28 /* HistoryTabView.swift in Sources */ = {isa = PBXBuildFile; fileRef = FA382D65F12D43A1622C95F8 /* HistoryTabView.swift */; };
		93477F43CB857E3A0376474D /* GlassCard.swift in Sources */ = {isa = PBXBuildFile; fileRef = 9A1B186197ACFDA53C478485 /* GlassCard.swift */; };
		A1399456F5F39C443540891F /* BudgetSummaryCard.swift in Sources */ = {isa = PBXBuildFile; fileRef = 909E6CB0E1CBF578109D01B9 /* BudgetSummaryCard.swift */; };
		A53644A70B48B2149A0557A5 /* NetWorthAreaChart.swift in Sources */ = {isa = PBXBuildFile; fileRef = 19ADD1BF22AB8C14A449930D /* NetWorthAreaChart.swift */; };
		B21D55F9F5D0298EAE667DCC /* NetWorthTabView.swift in Sources */ = {isa = PBXBuildFile; fileRef = 92EF231B5003DD2ABD9CD96D /* NetWorthTabView.swift */; };
		B33A35DAD37D3E85EDF9D5A8 /* MonthYearPicker.swift in Sources */ = {isa = PBXBuildFile; fileRef = B0F87FD5AC9B93C97FDE3396 /* MonthYearPicker.swift */; };
		B3D54ACB3F3DEF0385724972 /* CategoryBreakdownRow.swift in Sources */ = {isa = PBXBuildFile; fileRef = D41053A6F4B388BE6F2E3AB7 /* CategoryBreakdownRow.swift */; };
		B8DB9BF5C6E1014A574CF1BC /* DateHelpersTests.swift in Sources */ = {isa = PBXBuildFile; fileRef = B1B18EE1A049F6C6299B36C1 /* DateHelpersTests.swift */; };
		BCFEC1C27B4DD75ADE0F7F06 /* BudgetViewModel.swift in Sources */ = {isa = PBXBuildFile; fileRef = C3C39E6C71B5E62ADDCA72CE /* BudgetViewModel.swift */; };
		C383887246FB44A9A520CA43 /* AddIncomeSheet.swift in Sources */ = {isa = PBXBuildFile; fileRef = 929CB2F9BDB700D1468F99A1 /* AddIncomeSheet.swift */; };
		CBCF643BB26532C7C49F52CC /* AddLiabilitySheet.swift in Sources */ = {isa = PBXBuildFile; fileRef = 569DD6502E3882CB3F65553D /* AddLiabilitySheet.swift */; };
		CD7AACA025322CB7D3B6E9C8 /* AddAssetSheet.swift in Sources */ = {isa = PBXBuildFile; fileRef = 92F6436E3B202DF0FE8086B0 /* AddAssetSheet.swift */; };
		D499B82105CBDC2B3872E8C2 /* IncomeSource.swift in Sources */ = {isa = PBXBuildFile; fileRef = 7C8E67C2FA254723076D0666 /* IncomeSource.swift */; };
		D6B06C96093AAC7B6577282F /* MiniStatWidget.swift in Sources */ = {isa = PBXBuildFile; fileRef = D1934DBB6DD244C8B9DEA33D /* MiniStatWidget.swift */; };
		DB3E4340D4896025DC49C2F1 /* NetWorthSummaryCard.swift in Sources */ = {isa = PBXBuildFile; fileRef = 4B87EDD5AC9510110C01279F /* NetWorthSummaryCard.swift */; };
		E01C43384E9D2AB0AC5B571F /* NetWorthViewModelTests.swift in Sources */ = {isa = PBXBuildFile; fileRef = 3AA000BC374BEAB6C531BF17 /* NetWorthViewModelTests.swift */; };
		E52D956601F479239D141EDC /* AssetTests.swift in Sources */ = {isa = PBXBuildFile; fileRef = EC2725B7CD978C0EAA36F898 /* AssetTests.swift */; };
		E7A37A918C986F069DD578A6 /* CurrencyTextField.swift in Sources */ = {isa = PBXBuildFile; fileRef = B1CE83CBF2884BB8C9E635F0 /* CurrencyTextField.swift */; };
		ED2EDD09E96872252FB99E57 /* NetWorthViewModel.swift in Sources */ = {isa = PBXBuildFile; fileRef = 7DAB12BB9A6079AB231E5D10 /* NetWorthViewModel.swift */; };
		EF042B2D6EC89B5E5D48B7F2 /* ExpenseEntry.swift in Sources */ = {isa = PBXBuildFile; fileRef = 0ADC9D469DB8E3C34FF7E701 /* ExpenseEntry.swift */; };
		EF27EC2F7524D50309EC9792 /* Liability.swift in Sources */ = {isa = PBXBuildFile; fileRef = 74575CF16E6FE08E0AD42D01 /* Liability.swift */; };
		FC75E8C5487ACBB38F11BC9B /* DeltaChip.swift in Sources */ = {isa = PBXBuildFile; fileRef = 1BF9FC3542E5B4965AACC804 /* DeltaChip.swift */; };
		FDBE583EE81FAFF8ADB73877 /* DashboardTabView.swift in Sources */ = {isa = PBXBuildFile; fileRef = E46C74E2517A5CA460EF1749 /* DashboardTabView.swift */; };
/* End PBXBuildFile section */

/* Begin PBXContainerItemProxy section */
		006DC4731DC06DF7C36893C8 /* PBXContainerItemProxy */ = {
			isa = PBXContainerItemProxy;
			containerPortal = C3AB50BFE78CDA7B84CED9CE /* Project object */;
			proxyType = 1;
			remoteGlobalIDString = 17E7D161272F12771E677FE4;
			remoteInfo = NestWorth;
		};
/* End PBXContainerItemProxy section */

/* Begin PBXFileReference section */
		0ADC9D469DB8E3C34FF7E701 /* ExpenseEntry.swift */ = {isa = PBXFileReference; lastKnownFileType = sourcecode.swift; path = ExpenseEntry.swift; sourceTree = "<group>"; };
		0E98D73771D971573EBA9C7C /* NestWorthApp.swift */ = {isa = PBXFileReference; lastKnownFileType = sourcecode.swift; path = NestWorthApp.swift; sourceTree = "<group>"; };
		19ADD1BF22AB8C14A449930D /* NetWorthAreaChart.swift */ = {isa = PBXFileReference; lastKnownFileType = sourcecode.swift; path = NetWorthAreaChart.swift; sourceTree = "<group>"; };
		1BF9FC3542E5B4965AACC804 /* DeltaChip.swift */ = {isa = PBXFileReference; lastKnownFileType = sourcecode.swift; path = DeltaChip.swift; sourceTree = "<group>"; };
		22EC4EFD8A27FEBCCC647F4F /* ExpenseCategory.swift */ = {isa = PBXFileReference; lastKnownFileType = sourcecode.swift; path = ExpenseCategory.swift; sourceTree = "<group>"; };
		26B9047B0F94605C4F5C8D70 /* AnimatedCurrencyText.swift */ = {isa = PBXFileReference; lastKnownFileType = sourcecode.swift; path = AnimatedCurrencyText.swift; sourceTree = "<group>"; };
		2BFFAEEBC0976A7DD69B5378 /* SparkAreaChart.swift */ = {isa = PBXFileReference; lastKnownFileType = sourcecode.swift; path = SparkAreaChart.swift; sourceTree = "<group>"; };
		2C8691E6B308DF694A315FF0 /* AssetAllocationChart.swift */ = {isa = PBXFileReference; lastKnownFileType = sourcecode.swift; path = AssetAllocationChart.swift; sourceTree = "<group>"; };
		2F4ED51D820617D06ABDAB0F /* ContentView.swift */ = {isa = PBXFileReference; lastKnownFileType = sourcecode.swift; path = ContentView.swift; sourceTree = "<group>"; };
		3AA000BC374BEAB6C531BF17 /* NetWorthViewModelTests.swift */ = {isa = PBXFileReference; lastKnownFileType = sourcecode.swift; path = NetWorthViewModelTests.swift; sourceTree = "<group>"; };
		425EB14BB236616BC95641D4 /* DateHelpers.swift */ = {isa = PBXFileReference; lastKnownFileType = sourcecode.swift; path = DateHelpers.swift; sourceTree = "<group>"; };
		4B87EDD5AC9510110C01279F /* NetWorthSummaryCard.swift */ = {isa = PBXFileReference; lastKnownFileType = sourcecode.swift; path = NetWorthSummaryCard.swift; sourceTree = "<group>"; };
		4C18D86516BE3AB448B834A5 /* BudgetViewModelTests.swift */ = {isa = PBXFileReference; lastKnownFileType = sourcecode.swift; path = BudgetViewModelTests.swift; sourceTree = "<group>"; };
		4F5DF56AC8FF6F391B19534C /* NestWorth.app */ = {isa = PBXFileReference; includeInIndex = 0; lastKnownFileType = wrapper.application; path = NestWorth.app; sourceTree = BUILT_PRODUCTS_DIR; };
		50159CBD332253C8B7929DA5 /* CurrencyFormatterTests.swift */ = {isa = PBXFileReference; lastKnownFileType = sourcecode.swift; path = CurrencyFormatterTests.swift; sourceTree = "<group>"; };
		5233CE6127C12686FD7338BB /* CircularProgressRing.swift */ = {isa = PBXFileReference; lastKnownFileType = sourcecode.swift; path = CircularProgressRing.swift; sourceTree = "<group>"; };
		52B715FCA5EA35B72A2FB64B /* NestWorthTests.xctest */ = {isa = PBXFileReference; includeInIndex = 0; lastKnownFileType = wrapper.cfbundle; path = NestWorthTests.xctest; sourceTree = BUILT_PRODUCTS_DIR; };
		569DD6502E3882CB3F65553D /* AddLiabilitySheet.swift */ = {isa = PBXFileReference; lastKnownFileType = sourcecode.swift; path = AddLiabilitySheet.swift; sourceTree = "<group>"; };
		65C185B3B8D118E9AFB8AE74 /* AppTheme.swift */ = {isa = PBXFileReference; lastKnownFileType = sourcecode.swift; path = AppTheme.swift; sourceTree = "<group>"; };
		7039DC9BFF893E64B7C3F944 /* NetWorthSnapshotTests.swift */ = {isa = PBXFileReference; lastKnownFileType = sourcecode.swift; path = NetWorthSnapshotTests.swift; sourceTree = "<group>"; };
		74575CF16E6FE08E0AD42D01 /* Liability.swift */ = {isa = PBXFileReference; lastKnownFileType = sourcecode.swift; path = Liability.swift; sourceTree = "<group>"; };
		7B04A7B2C6FB731B8BEB5FA2 /* EmptyStateView.swift */ = {isa = PBXFileReference; lastKnownFileType = sourcecode.swift; path = EmptyStateView.swift; sourceTree = "<group>"; };
		7C8E67C2FA254723076D0666 /* IncomeSource.swift */ = {isa = PBXFileReference; lastKnownFileType = sourcecode.swift; path = IncomeSource.swift; sourceTree = "<group>"; };
		7CD6239C14A9F5BF53802F13 /* BudgetBarChart.swift */ = {isa = PBXFileReference; lastKnownFileType = sourcecode.swift; path = BudgetBarChart.swift; sourceTree = "<group>"; };
		7DAB12BB9A6079AB231E5D10 /* NetWorthViewModel.swift */ = {isa = PBXFileReference; lastKnownFileType = sourcecode.swift; path = NetWorthViewModel.swift; sourceTree = "<group>"; };
		851A8972E59C29AF24E442FE /* Asset.swift */ = {isa = PBXFileReference; lastKnownFileType = sourcecode.swift; path = Asset.swift; sourceTree = "<group>"; };
		8A89961C27E60416667C870B /* NetWorthSnapshot.swift */ = {isa = PBXFileReference; lastKnownFileType = sourcecode.swift; path = NetWorthSnapshot.swift; sourceTree = "<group>"; };
		909E6CB0E1CBF578109D01B9 /* BudgetSummaryCard.swift */ = {isa = PBXFileReference; lastKnownFileType = sourcecode.swift; path = BudgetSummaryCard.swift; sourceTree = "<group>"; };
		929CB2F9BDB700D1468F99A1 /* AddIncomeSheet.swift */ = {isa = PBXFileReference; lastKnownFileType = sourcecode.swift; path = AddIncomeSheet.swift; sourceTree = "<group>"; };
		92EF231B5003DD2ABD9CD96D /* NetWorthTabView.swift */ = {isa = PBXFileReference; lastKnownFileType = sourcecode.swift; path = NetWorthTabView.swift; sourceTree = "<group>"; };
		92F6436E3B202DF0FE8086B0 /* AddAssetSheet.swift */ = {isa = PBXFileReference; lastKnownFileType = sourcecode.swift; path = AddAssetSheet.swift; sourceTree = "<group>"; };
		9A1B186197ACFDA53C478485 /* GlassCard.swift */ = {isa = PBXFileReference; lastKnownFileType = sourcecode.swift; path = GlassCard.swift; sourceTree = "<group>"; };
		9ACDF1059B87B7A45A32CB79 /* BudgetTabView.swift */ = {isa = PBXFileReference; lastKnownFileType = sourcecode.swift; path = BudgetTabView.swift; sourceTree = "<group>"; };
		9B63CCE65BD53C8448C9741D /* AssetType.swift */ = {isa = PBXFileReference; lastKnownFileType = sourcecode.swift; path = AssetType.swift; sourceTree = "<group>"; };
		A15992ECFAEC4ACB9CF769A8 /* IncomeEntry.swift */ = {isa = PBXFileReference; lastKnownFileType = sourcecode.swift; path = IncomeEntry.swift; sourceTree = "<group>"; };
		A6BAF1BA559FF13642B261C5 /* CurrencyFormatter.swift */ = {isa = PBXFileReference; lastKnownFileType = sourcecode.swift; path = CurrencyFormatter.swift; sourceTree = "<group>"; };
		ACC25F91FA97F7AF884A7D0C /* LiabilityTests.swift */ = {isa = PBXFileReference; lastKnownFileType = sourcecode.swift; path = LiabilityTests.swift; sourceTree = "<group>"; };
		B0F87FD5AC9B93C97FDE3396 /* MonthYearPicker.swift */ = {isa = PBXFileReference; lastKnownFileType = sourcecode.swift; path = MonthYearPicker.swift; sourceTree = "<group>"; };
		B1B18EE1A049F6C6299B36C1 /* DateHelpersTests.swift */ = {isa = PBXFileReference; lastKnownFileType = sourcecode.swift; path = DateHelpersTests.swift; sourceTree = "<group>"; };
		B1CE83CBF2884BB8C9E635F0 /* CurrencyTextField.swift */ = {isa = PBXFileReference; lastKnownFileType = sourcecode.swift; path = CurrencyTextField.swift; sourceTree = "<group>"; };
		B78C55B328995C36D3575614 /* LiabilityType.swift */ = {isa = PBXFileReference; lastKnownFileType = sourcecode.swift; path = LiabilityType.swift; sourceTree = "<group>"; };
		C3C39E6C71B5E62ADDCA72CE /* BudgetViewModel.swift */ = {isa = PBXFileReference; lastKnownFileType = sourcecode.swift; path = BudgetViewModel.swift; sourceTree = "<group>"; };
		D1934DBB6DD244C8B9DEA33D /* MiniStatWidget.swift */ = {isa = PBXFileReference; lastKnownFileType = sourcecode.swift; path = MiniStatWidget.swift; sourceTree = "<group>"; };
		D400278359134414F245FC59 /* SnapshotRowView.swift */ = {isa = PBXFileReference; lastKnownFileType = sourcecode.swift; path = SnapshotRowView.swift; sourceTree = "<group>"; };
		D41053A6F4B388BE6F2E3AB7 /* CategoryBreakdownRow.swift */ = {isa = PBXFileReference; lastKnownFileType = sourcecode.swift; path = CategoryBreakdownRow.swift; sourceTree = "<group>"; };
		E1E170B9FBB7E4AD322E9871 /* AddExpenseSheet.swift */ = {isa = PBXFileReference; lastKnownFileType = sourcecode.swift; path = AddExpenseSheet.swift; sourceTree = "<group>"; };
		E46C74E2517A5CA460EF1749 /* DashboardTabView.swift */ = {isa = PBXFileReference; lastKnownFileType = sourcecode.swift; path = DashboardTabView.swift; sourceTree = "<group>"; };
		E829070DE0AEF9FBDEA9C212 /* SpendingDonutChart.swift */ = {isa = PBXFileReference; lastKnownFileType = sourcecode.swift; path = SpendingDonutChart.swift; sourceTree = "<group>"; };
		EC2725B7CD978C0EAA36F898 /* AssetTests.swift */ = {isa = PBXFileReference; lastKnownFileType = sourcecode.swift; path = AssetTests.swift; sourceTree = "<group>"; };
		F8588FF5EC624834CC17CD79 /* IncomeSource+Theme.swift */ = {isa = PBXFileReference; lastKnownFileType = sourcecode.swift; path = "IncomeSource+Theme.swift"; sourceTree = "<group>"; };
		FA382D65F12D43A1622C95F8 /* HistoryTabView.swift */ = {isa = PBXFileReference; lastKnownFileType = sourcecode.swift; path = HistoryTabView.swift; sourceTree = "<group>"; };
/* End PBXFileReference section */

/* Begin PBXGroup section */
		132549F361EF361DF31519C5 /* Enums */ = {
			isa = PBXGroup;
			children = (
				9B63CCE65BD53C8448C9741D /* AssetType.swift */,
				22EC4EFD8A27FEBCCC647F4F /* ExpenseCategory.swift */,
				7C8E67C2FA254723076D0666 /* IncomeSource.swift */,
				B78C55B328995C36D3575614 /* LiabilityType.swift */,
			);
			path = Enums;
			sourceTree = "<group>";
		};
		1D77FEEE1C087A57CE8C1FBB /* Charts */ = {
			isa = PBXGroup;
			children = (
				2C8691E6B308DF694A315FF0 /* AssetAllocationChart.swift */,
				7CD6239C14A9F5BF53802F13 /* BudgetBarChart.swift */,
				19ADD1BF22AB8C14A449930D /* NetWorthAreaChart.swift */,
				E829070DE0AEF9FBDEA9C212 /* SpendingDonutChart.swift */,
			);
			path = Charts;
			sourceTree = "<group>";
		};
		498A507A335A83C0C6C9EF08 /* Models */ = {
			isa = PBXGroup;
			children = (
				851A8972E59C29AF24E442FE /* Asset.swift */,
				0ADC9D469DB8E3C34FF7E701 /* ExpenseEntry.swift */,
				A15992ECFAEC4ACB9CF769A8 /* IncomeEntry.swift */,
				74575CF16E6FE08E0AD42D01 /* Liability.swift */,
				8A89961C27E60416667C870B /* NetWorthSnapshot.swift */,
				132549F361EF361DF31519C5 /* Enums */,
			);
			path = Models;
			sourceTree = "<group>";
		};
		55B07C5086A09B28B432A472 /* App */ = {
			isa = PBXGroup;
			children = (
				2F4ED51D820617D06ABDAB0F /* ContentView.swift */,
				0E98D73771D971573EBA9C7C /* NestWorthApp.swift */,
			);
			path = App;
			sourceTree = "<group>";
		};
		62D4FCBE1D8BF97751FF1C50 /* Utilities */ = {
			isa = PBXGroup;
			children = (
				A6BAF1BA559FF13642B261C5 /* CurrencyFormatter.swift */,
				425EB14BB236616BC95641D4 /* DateHelpers.swift */,
			);
			path = Utilities;
			sourceTree = "<group>";
		};
		774348F2870A3152FAB392B1 = {
			isa = PBXGroup;
			children = (
				9682DF26ABA04B00157AF7D5 /* NestWorth */,
				7EA7E3ED2583B646B54A4360 /* NestWorthTests */,
				BF794DCD11C939B6B03C58B2 /* Products */,
			);
			sourceTree = "<group>";
		};
		7EA7E3ED2583B646B54A4360 /* NestWorthTests */ = {
			isa = PBXGroup;
			children = (
				EC2725B7CD978C0EAA36F898 /* AssetTests.swift */,
				4C18D86516BE3AB448B834A5 /* BudgetViewModelTests.swift */,
				50159CBD332253C8B7929DA5 /* CurrencyFormatterTests.swift */,
				B1B18EE1A049F6C6299B36C1 /* DateHelpersTests.swift */,
				ACC25F91FA97F7AF884A7D0C /* LiabilityTests.swift */,
				7039DC9BFF893E64B7C3F944 /* NetWorthSnapshotTests.swift */,
				3AA000BC374BEAB6C531BF17 /* NetWorthViewModelTests.swift */,
			);
			path = NestWorthTests;
			sourceTree = "<group>";
		};
		9682DF26ABA04B00157AF7D5 /* NestWorth */ = {
			isa = PBXGroup;
			children = (
				55B07C5086A09B28B432A472 /* App */,
				B7AFE49B8A1942D90D8D8E8D /* DesignSystem */,
				498A507A335A83C0C6C9EF08 /* Models */,
				62D4FCBE1D8BF97751FF1C50 /* Utilities */,
				F92BA23025BFFBCE7BD6AEDF /* ViewModels */,
				CF02020F67463416D2A35D8F /* Views */,
			);
			path = NestWorth;
			sourceTree = "<group>";
		};
		9794CC042F6047C6FD4B33FB /* Budget */ = {
			isa = PBXGroup;
			children = (
				E1E170B9FBB7E4AD322E9871 /* AddExpenseSheet.swift */,
				929CB2F9BDB700D1468F99A1 /* AddIncomeSheet.swift */,
				909E6CB0E1CBF578109D01B9 /* BudgetSummaryCard.swift */,
				9ACDF1059B87B7A45A32CB79 /* BudgetTabView.swift */,
			);
			path = Budget;
			sourceTree = "<group>";
		};
		B7AFE49B8A1942D90D8D8E8D /* DesignSystem */ = {
			isa = PBXGroup;
			children = (
				65C185B3B8D118E9AFB8AE74 /* AppTheme.swift */,
				F8588FF5EC624834CC17CD79 /* IncomeSource+Theme.swift */,
			);
			path = DesignSystem;
			sourceTree = "<group>";
		};
		B88FFE179F3FD1068EADA619 /* History */ = {
			isa = PBXGroup;
			children = (
				FA382D65F12D43A1622C95F8 /* HistoryTabView.swift */,
				D400278359134414F245FC59 /* SnapshotRowView.swift */,
			);
			path = History;
			sourceTree = "<group>";
		};
		BB7DDBFA78E27A1978F23F15 /* Dashboard */ = {
			isa = PBXGroup;
			children = (
				E46C74E2517A5CA460EF1749 /* DashboardTabView.swift */,
			);
			path = Dashboard;
			sourceTree = "<group>";
		};
		BF794DCD11C939B6B03C58B2 /* Products */ = {
			isa = PBXGroup;
			children = (
				4F5DF56AC8FF6F391B19534C /* NestWorth.app */,
				52B715FCA5EA35B72A2FB64B /* NestWorthTests.xctest */,
			);
			name = Products;
			sourceTree = "<group>";
		};
		C31C957A188EE2F855A2AB69 /* NetWorth */ = {
			isa = PBXGroup;
			children = (
				92F6436E3B202DF0FE8086B0 /* AddAssetSheet.swift */,
				569DD6502E3882CB3F65553D /* AddLiabilitySheet.swift */,
				4B87EDD5AC9510110C01279F /* NetWorthSummaryCard.swift */,
				92EF231B5003DD2ABD9CD96D /* NetWorthTabView.swift */,
			);
			path = NetWorth;
			sourceTree = "<group>";
		};
		CF02020F67463416D2A35D8F /* Views */ = {
			isa = PBXGroup;
			children = (
				9794CC042F6047C6FD4B33FB /* Budget */,
				1D77FEEE1C087A57CE8C1FBB /* Charts */,
				BB7DDBFA78E27A1978F23F15 /* Dashboard */,
				B88FFE179F3FD1068EADA619 /* History */,
				C31C957A188EE2F855A2AB69 /* NetWorth */,
				F20CBE9F221694D7A166ACD0 /* Shared */,
			);
			path = Views;
			sourceTree = "<group>";
		};
		F20CBE9F221694D7A166ACD0 /* Shared */ = {
			isa = PBXGroup;
			children = (
				26B9047B0F94605C4F5C8D70 /* AnimatedCurrencyText.swift */,
				D41053A6F4B388BE6F2E3AB7 /* CategoryBreakdownRow.swift */,
				5233CE6127C12686FD7338BB /* CircularProgressRing.swift */,
				B1CE83CBF2884BB8C9E635F0 /* CurrencyTextField.swift */,
				1BF9FC3542E5B4965AACC804 /* DeltaChip.swift */,
				7B04A7B2C6FB731B8BEB5FA2 /* EmptyStateView.swift */,
				9A1B186197ACFDA53C478485 /* GlassCard.swift */,
				D1934DBB6DD244C8B9DEA33D /* MiniStatWidget.swift */,
				B0F87FD5AC9B93C97FDE3396 /* MonthYearPicker.swift */,
				2BFFAEEBC0976A7DD69B5378 /* SparkAreaChart.swift */,
			);
			path = Shared;
			sourceTree = "<group>";
		};
		F92BA23025BFFBCE7BD6AEDF /* ViewModels */ = {
			isa = PBXGroup;
			children = (
				C3C39E6C71B5E62ADDCA72CE /* BudgetViewModel.swift */,
				7DAB12BB9A6079AB231E5D10 /* NetWorthViewModel.swift */,
			);
			path = ViewModels;
			sourceTree = "<group>";
		};
/* End PBXGroup section */

/* Begin PBXNativeTarget section */
		17E7D161272F12771E677FE4 /* NestWorth */ = {
			isa = PBXNativeTarget;
			buildConfigurationList = 60D4458C1A049612C70E517D /* Build configuration list for PBXNativeTarget "NestWorth" */;
			buildPhases = (
				C49F82A3C63C3FA8B948F74A /* Sources */,
			);
			buildRules = (
			);
			dependencies = (
			);
			name = NestWorth;
			packageProductDependencies = (
			);
			productName = NestWorth;
			productReference = 4F5DF56AC8FF6F391B19534C /* NestWorth.app */;
			productType = "com.apple.product-type.application";
		};
		DB0C5BDFE5CDE2798767CC02 /* NestWorthTests */ = {
			isa = PBXNativeTarget;
			buildConfigurationList = EB2C09FA04AF14DAB78E2368 /* Build configuration list for PBXNativeTarget "NestWorthTests" */;
			buildPhases = (
				35B1E873DBE03ECF37704CBB /* Sources */,
			);
			buildRules = (
			);
			dependencies = (
				702E45EFE07B62771464431C /* PBXTargetDependency */,
			);
			name = NestWorthTests;
			packageProductDependencies = (
			);
			productName = NestWorthTests;
			productReference = 52B715FCA5EA35B72A2FB64B /* NestWorthTests.xctest */;
			productType = "com.apple.product-type.bundle.unit-test";
		};
/* End PBXNativeTarget section */

/* Begin PBXProject section */
		C3AB50BFE78CDA7B84CED9CE /* Project object */ = {
			isa = PBXProject;
			attributes = {
				BuildIndependentTargetsInParallel = YES;
				LastUpgradeCheck = 1500;
				TargetAttributes = {
					17E7D161272F12771E677FE4 = {
						DevelopmentTeam = "";
					};
					DB0C5BDFE5CDE2798767CC02 = {
						DevelopmentTeam = "";
					};
				};
			};
			buildConfigurationList = 22347104A88FA4742A1938C7 /* Build configuration list for PBXProject "NestWorth" */;
			developmentRegion = en;
			hasScannedForEncodings = 0;
			knownRegions = (
				Base,
				en,
			);
			mainGroup = 774348F2870A3152FAB392B1;
			minimizedProjectReferenceProxies = 1;
			preferredProjectObjectVersion = 77;
			productRefGroup = BF794DCD11C939B6B03C58B2 /* Products */;
			projectDirPath = "";
			projectRoot = "";
			targets = (
				17E7D161272F12771E677FE4 /* NestWorth */,
				DB0C5BDFE5CDE2798767CC02 /* NestWorthTests */,
			);
		};
/* End PBXProject section */

/* Begin PBXSourcesBuildPhase section */
		35B1E873DBE03ECF37704CBB /* Sources */ = {
			isa = PBXSourcesBuildPhase;
			buildActionMask = 2147483647;
			files = (
				E52D956601F479239D141EDC /* AssetTests.swift in Sources */,
				2DA27D14188507FA01B5CFA6 /* BudgetViewModelTests.swift in Sources */,
				6B72DF118B3EA36119E709D9 /* CurrencyFormatterTests.swift in Sources */,
				B8DB9BF5C6E1014A574CF1BC /* DateHelpersTests.swift in Sources */,
				5281B0AC7CE44EC4BB591963 /* LiabilityTests.swift in Sources */,
				15C766D89943815224182A2A /* NetWorthSnapshotTests.swift in Sources */,
				E01C43384E9D2AB0AC5B571F /* NetWorthViewModelTests.swift in Sources */,
			);
			runOnlyForDeploymentPostprocessing = 0;
		};
		C49F82A3C63C3FA8B948F74A /* Sources */ = {
			isa = PBXSourcesBuildPhase;
			buildActionMask = 2147483647;
			files = (
				CD7AACA025322CB7D3B6E9C8 /* AddAssetSheet.swift in Sources */,
				3BD121B0CE2E225F6594CFE9 /* AddExpenseSheet.swift in Sources */,
				C383887246FB44A9A520CA43 /* AddIncomeSheet.swift in Sources */,
				CBCF643BB26532C7C49F52CC /* AddLiabilitySheet.swift in Sources */,
				53EE1FA0523C213A7133E830 /* AnimatedCurrencyText.swift in Sources */,
				889014962D7A2B83431AAC6F /* AppTheme.swift in Sources */,
				01C97BBFF27651C203699259 /* Asset.swift in Sources */,
				195A490CCD061681F2E34758 /* AssetAllocationChart.swift in Sources */,
				82C667598571AA4738EAB360 /* AssetType.swift in Sources */,
				645C9A8606B73B651E61BF64 /* BudgetBarChart.swift in Sources */,
				A1399456F5F39C443540891F /* BudgetSummaryCard.swift in Sources */,
				875DE2D899EF245135AED92E /* BudgetTabView.swift in Sources */,
				BCFEC1C27B4DD75ADE0F7F06 /* BudgetViewModel.swift in Sources */,
				B3D54ACB3F3DEF0385724972 /* CategoryBreakdownRow.swift in Sources */,
				5269D9A49780CA59399FD3C3 /* CircularProgressRing.swift in Sources */,
				7796965115C4ECBD709B1061 /* ContentView.swift in Sources */,
				723F1143933E497B7A0C929F /* CurrencyFormatter.swift in Sources */,
				E7A37A918C986F069DD578A6 /* CurrencyTextField.swift in Sources */,
				FDBE583EE81FAFF8ADB73877 /* DashboardTabView.swift in Sources */,
				5D2F30BEF8DB1DB289C05978 /* DateHelpers.swift in Sources */,
				FC75E8C5487ACBB38F11BC9B /* DeltaChip.swift in Sources */,
				4C518CE20F3C8B2F18D063BA /* EmptyStateView.swift in Sources */,
				22FAA43D3CC72A6DA79D630F /* ExpenseCategory.swift in Sources */,
				EF042B2D6EC89B5E5D48B7F2 /* ExpenseEntry.swift in Sources */,
				93477F43CB857E3A0376474D /* GlassCard.swift in Sources */,
				8DF4E045FA78167900336F28 /* HistoryTabView.swift in Sources */,
				663C946E1538DCAE571A36B3 /* IncomeEntry.swift in Sources */,
				7300D1138984E418C3089D05 /* IncomeSource+Theme.swift in Sources */,
				D499B82105CBDC2B3872E8C2 /* IncomeSource.swift in Sources */,
				EF27EC2F7524D50309EC9792 /* Liability.swift in Sources */,
				1CFC24CBEAF8BEA38C05695F /* LiabilityType.swift in Sources */,
				D6B06C96093AAC7B6577282F /* MiniStatWidget.swift in Sources */,
				B33A35DAD37D3E85EDF9D5A8 /* MonthYearPicker.swift in Sources */,
				3442BA68E5CA79C0D7AB9B10 /* NestWorthApp.swift in Sources */,
				A53644A70B48B2149A0557A5 /* NetWorthAreaChart.swift in Sources */,
				5011BFC0CBBE6E0FF8CFAA33 /* NetWorthSnapshot.swift in Sources */,
				DB3E4340D4896025DC49C2F1 /* NetWorthSummaryCard.swift in Sources */,
				B21D55F9F5D0298EAE667DCC /* NetWorthTabView.swift in Sources */,
				ED2EDD09E96872252FB99E57 /* NetWorthViewModel.swift in Sources */,
				6F0FC900D746BA4909048B3F /* SnapshotRowView.swift in Sources */,
				2981E0EB644DD03737225030 /* SparkAreaChart.swift in Sources */,
				55653CAD7CE6A82D9FEB1D88 /* SpendingDonutChart.swift in Sources */,
			);
			runOnlyForDeploymentPostprocessing = 0;
		};
/* End PBXSourcesBuildPhase section */

/* Begin PBXTargetDependency section */
		702E45EFE07B62771464431C /* PBXTargetDependency */ = {
			isa = PBXTargetDependency;
			target = 17E7D161272F12771E677FE4 /* NestWorth */;
			targetProxy = 006DC4731DC06DF7C36893C8 /* PBXContainerItemProxy */;
		};
/* End PBXTargetDependency section */

/* Begin XCBuildConfiguration section */
		00E6A745CC6C09662E1F571F /* Debug */ = {
			isa = XCBuildConfiguration;
			buildSettings = {
				ASSETCATALOG_COMPILER_APPICON_NAME = AppIcon;
				ASSETCATALOG_COMPILER_GLOBAL_ACCENT_COLOR_NAME = AccentColor;
				CODE_SIGN_IDENTITY = "iPhone Developer";
				ENABLE_PREVIEWS = YES;
				GENERATE_INFOPLIST_FILE = YES;
				INFOPLIST_KEY_CFBundleDisplayName = NestWorth;
				INFOPLIST_KEY_UIApplicationSceneManifest_Generation = YES;
				INFOPLIST_KEY_UILaunchScreen_Generation = YES;
				INFOPLIST_KEY_UISupportedInterfaceOrientations_iPad = "UIInterfaceOrientationPortrait UIInterfaceOrientationPortraitUpsideDown UIInterfaceOrientationLandscapeLeft UIInterfaceOrientationLandscapeRight";
				INFOPLIST_KEY_UISupportedInterfaceOrientations_iPhone = UIInterfaceOrientationPortrait;
				IPHONEOS_DEPLOYMENT_TARGET = 17.0;
				LD_RUNPATH_SEARCH_PATHS = "$(inherited) @executable_path/Frameworks";
				PRODUCT_NAME = NestWorth;
				SDKROOT = iphoneos;
				TARGETED_DEVICE_FAMILY = "1,2";
			};
			name = Debug;
		};
		3435EAB409F504EA116CF81D /* Release */ = {
			isa = XCBuildConfiguration;
			buildSettings = {
				ASSETCATALOG_COMPILER_APPICON_NAME = AppIcon;
				ASSETCATALOG_COMPILER_GLOBAL_ACCENT_COLOR_NAME = AccentColor;
				CODE_SIGN_IDENTITY = "iPhone Developer";
				ENABLE_PREVIEWS = YES;
				GENERATE_INFOPLIST_FILE = YES;
				INFOPLIST_KEY_CFBundleDisplayName = NestWorth;
				INFOPLIST_KEY_UIApplicationSceneManifest_Generation = YES;
				INFOPLIST_KEY_UILaunchScreen_Generation = YES;
				INFOPLIST_KEY_UISupportedInterfaceOrientations_iPad = "UIInterfaceOrientationPortrait UIInterfaceOrientationPortraitUpsideDown UIInterfaceOrientationLandscapeLeft UIInterfaceOrientationLandscapeRight";
				INFOPLIST_KEY_UISupportedInterfaceOrientations_iPhone = UIInterfaceOrientationPortrait;
				IPHONEOS_DEPLOYMENT_TARGET = 17.0;
				LD_RUNPATH_SEARCH_PATHS = "$(inherited) @executable_path/Frameworks";
				PRODUCT_NAME = NestWorth;
				SDKROOT = iphoneos;
				TARGETED_DEVICE_FAMILY = "1,2";
			};
			name = Release;
		};
		35E295DB99674C9E8B742E2D /* Debug */ = {
			isa = XCBuildConfiguration;
			buildSettings = {
				ALWAYS_SEARCH_USER_PATHS = NO;
				CLANG_ANALYZER_NONNULL = YES;
				CLANG_ANALYZER_NUMBER_OBJECT_CONVERSION = YES_AGGRESSIVE;
				CLANG_CXX_LANGUAGE_STANDARD = "gnu++14";
				CLANG_CXX_LIBRARY = "libc++";
				CLANG_ENABLE_MODULES = YES;
				CLANG_ENABLE_OBJC_ARC = YES;
				CLANG_ENABLE_OBJC_WEAK = YES;
				CLANG_WARN_BLOCK_CAPTURE_AUTORELEASING = YES;
				CLANG_WARN_BOOL_CONVERSION = YES;
				CLANG_WARN_COMMA = YES;
				CLANG_WARN_CONSTANT_CONVERSION = YES;
				CLANG_WARN_DEPRECATED_OBJC_IMPLEMENTATIONS = YES;
				CLANG_WARN_DIRECT_OBJC_ISA_USAGE = YES_ERROR;
				CLANG_WARN_DOCUMENTATION_COMMENTS = YES;
				CLANG_WARN_EMPTY_BODY = YES;
				CLANG_WARN_ENUM_CONVERSION = YES;
				CLANG_WARN_INFINITE_RECURSION = YES;
				CLANG_WARN_INT_CONVERSION = YES;
				CLANG_WARN_NON_LITERAL_NULL_CONVERSION = YES;
				CLANG_WARN_OBJC_IMPLICIT_RETAIN_SELF = YES;
				CLANG_WARN_OBJC_LITERAL_CONVERSION = YES;
				CLANG_WARN_OBJC_ROOT_CLASS = YES_ERROR;
				CLANG_WARN_QUOTED_INCLUDE_IN_FRAMEWORK_HEADER = YES;
				CLANG_WARN_RANGE_LOOP_ANALYSIS = YES;
				CLANG_WARN_STRICT_PROTOTYPES = YES;
				CLANG_WARN_SUSPICIOUS_MOVE = YES;
				CLANG_WARN_UNGUARDED_AVAILABILITY = YES_AGGRESSIVE;
				CLANG_WARN_UNREACHABLE_CODE = YES;
				CLANG_WARN__DUPLICATE_METHOD_MATCH = YES;
				COPY_PHASE_STRIP = NO;
				CURRENT_PROJECT_VERSION = 1;
				DEBUG_INFORMATION_FORMAT = dwarf;
				DEVELOPMENT_TEAM = "";
				ENABLE_STRICT_OBJC_MSGSEND = YES;
				ENABLE_TESTABILITY = YES;
				GCC_C_LANGUAGE_STANDARD = gnu11;
				GCC_DYNAMIC_NO_PIC = NO;
				GCC_NO_COMMON_BLOCKS = YES;
				GCC_OPTIMIZATION_LEVEL = 0;
				GCC_PREPROCESSOR_DEFINITIONS = (
					"$(inherited)",
					"DEBUG=1",
				);
				GCC_WARN_64_TO_32_BIT_CONVERSION = YES;
				GCC_WARN_ABOUT_RETURN_TYPE = YES_ERROR;
				GCC_WARN_UNDECLARED_SELECTOR = YES;
				GCC_WARN_UNINITIALIZED_AUTOS = YES_AGGRESSIVE;
				GCC_WARN_UNUSED_FUNCTION = YES;
				GCC_WARN_UNUSED_VARIABLE = YES;
				IPHONEOS_DEPLOYMENT_TARGET = 17.0;
				MARKETING_VERSION = 1.0.0;
				MTL_ENABLE_DEBUG_INFO = INCLUDE_SOURCE;
				MTL_FAST_MATH = YES;
				ONLY_ACTIVE_ARCH = YES;
				PRODUCT_BUNDLE_IDENTIFIER = com.nestworth.app;
				PRODUCT_NAME = "$(TARGET_NAME)";
				SDKROOT = iphoneos;
				SWIFT_ACTIVE_COMPILATION_CONDITIONS = DEBUG;
				SWIFT_OPTIMIZATION_LEVEL = "-Onone";
				SWIFT_VERSION = 5.9;
			};
			name = Debug;
		};
		71DA0E80D3E7AB520A6C26AB /* Debug */ = {
			isa = XCBuildConfiguration;
			buildSettings = {
				BUNDLE_LOADER = "$(TEST_HOST)";
				GENERATE_INFOPLIST_FILE = YES;
				IPHONEOS_DEPLOYMENT_TARGET = 17.0;
				LD_RUNPATH_SEARCH_PATHS = (
					"$(inherited)",
					"@executable_path/Frameworks",
					"@loader_path/Frameworks",
				);
				PRODUCT_NAME = NestWorthTests;
				SDKROOT = iphoneos;
				SWIFT_VERSION = 5.9;
				TARGETED_DEVICE_FAMILY = "1,2";
				TEST_HOST = "$(BUILT_PRODUCTS_DIR)/NestWorth.app/NestWorth";
			};
			name = Debug;
		};
		9E96079EB5F940358E9671F5 /* Release */ = {
			isa = XCBuildConfiguration;
			buildSettings = {
				BUNDLE_LOADER = "$(TEST_HOST)";
				GENERATE_INFOPLIST_FILE = YES;
				IPHONEOS_DEPLOYMENT_TARGET = 17.0;
				LD_RUNPATH_SEARCH_PATHS = (
					"$(inherited)",
					"@executable_path/Frameworks",
					"@loader_path/Frameworks",
				);
				PRODUCT_NAME = NestWorthTests;
				SDKROOT = iphoneos;
				SWIFT_VERSION = 5.9;
				TARGETED_DEVICE_FAMILY = "1,2";
				TEST_HOST = "$(BUILT_PRODUCTS_DIR)/NestWorth.app/NestWorth";
			};
			name = Release;
		};
		D21055BC9DB3E4179602806D /* Release */ = {
			isa = XCBuildConfiguration;
			buildSettings = {
				ALWAYS_SEARCH_USER_PATHS = NO;
				CLANG_ANALYZER_NONNULL = YES;
				CLANG_ANALYZER_NUMBER_OBJECT_CONVERSION = YES_AGGRESSIVE;
				CLANG_CXX_LANGUAGE_STANDARD = "gnu++14";
				CLANG_CXX_LIBRARY = "libc++";
				CLANG_ENABLE_MODULES = YES;
				CLANG_ENABLE_OBJC_ARC = YES;
				CLANG_ENABLE_OBJC_WEAK = YES;
				CLANG_WARN_BLOCK_CAPTURE_AUTORELEASING = YES;
				CLANG_WARN_BOOL_CONVERSION = YES;
				CLANG_WARN_COMMA = YES;
				CLANG_WARN_CONSTANT_CONVERSION = YES;
				CLANG_WARN_DEPRECATED_OBJC_IMPLEMENTATIONS = YES;
				CLANG_WARN_DIRECT_OBJC_ISA_USAGE = YES_ERROR;
				CLANG_WARN_DOCUMENTATION_COMMENTS = YES;
				CLANG_WARN_EMPTY_BODY = YES;
				CLANG_WARN_ENUM_CONVERSION = YES;
				CLANG_WARN_INFINITE_RECURSION = YES;
				CLANG_WARN_INT_CONVERSION = YES;
				CLANG_WARN_NON_LITERAL_NULL_CONVERSION = YES;
				CLANG_WARN_OBJC_IMPLICIT_RETAIN_SELF = YES;
				CLANG_WARN_OBJC_LITERAL_CONVERSION = YES;
				CLANG_WARN_OBJC_ROOT_CLASS = YES_ERROR;
				CLANG_WARN_QUOTED_INCLUDE_IN_FRAMEWORK_HEADER = YES;
				CLANG_WARN_RANGE_LOOP_ANALYSIS = YES;
				CLANG_WARN_STRICT_PROTOTYPES = YES;
				CLANG_WARN_SUSPICIOUS_MOVE = YES;
				CLANG_WARN_UNGUARDED_AVAILABILITY = YES_AGGRESSIVE;
				CLANG_WARN_UNREACHABLE_CODE = YES;
				CLANG_WARN__DUPLICATE_METHOD_MATCH = YES;
				COPY_PHASE_STRIP = NO;
				CURRENT_PROJECT_VERSION = 1;
				DEBUG_INFORMATION_FORMAT = "dwarf-with-dsym";
				DEVELOPMENT_TEAM = "";
				ENABLE_NS_ASSERTIONS = NO;
				ENABLE_STRICT_OBJC_MSGSEND = YES;
				GCC_C_LANGUAGE_STANDARD = gnu11;
				GCC_NO_COMMON_BLOCKS = YES;
				GCC_WARN_64_TO_32_BIT_CONVERSION = YES;
				GCC_WARN_ABOUT_RETURN_TYPE = YES_ERROR;
				GCC_WARN_UNDECLARED_SELECTOR = YES;
				GCC_WARN_UNINITIALIZED_AUTOS = YES_AGGRESSIVE;
				GCC_WARN_UNUSED_FUNCTION = YES;
				GCC_WARN_UNUSED_VARIABLE = YES;
				IPHONEOS_DEPLOYMENT_TARGET = 17.0;
				MARKETING_VERSION = 1.0.0;
				MTL_ENABLE_DEBUG_INFO = NO;
				MTL_FAST_MATH = YES;
				PRODUCT_BUNDLE_IDENTIFIER = com.nestworth.app;
				PRODUCT_NAME = "$(TARGET_NAME)";
				SDKROOT = iphoneos;
				SWIFT_COMPILATION_MODE = wholemodule;
				SWIFT_OPTIMIZATION_LEVEL = "-O";
				SWIFT_VERSION = 5.9;
			};
			name = Release;
		};
/* End XCBuildConfiguration section */

/* Begin XCConfigurationList section */
		22347104A88FA4742A1938C7 /* Build configuration list for PBXProject "NestWorth" */ = {
			isa = XCConfigurationList;
			buildConfigurations = (
				35E295DB99674C9E8B742E2D /* Debug */,
				D21055BC9DB3E4179602806D /* Release */,
			);
			defaultConfigurationIsVisible = 0;
			defaultConfigurationName = Debug;
		};
		60D4458C1A049612C70E517D /* Build configuration list for PBXNativeTarget "NestWorth" */ = {
			isa = XCConfigurationList;
			buildConfigurations = (
				00E6A745CC6C09662E1F571F /* Debug */,
				3435EAB409F504EA116CF81D /* Release */,
			);
			defaultConfigurationIsVisible = 0;
			defaultConfigurationName = Debug;
		};
		EB2C09FA04AF14DAB78E2368 /* Build configuration list for PBXNativeTarget "NestWorthTests" */ = {
			isa = XCConfigurationList;
			buildConfigurations = (
				71DA0E80D3E7AB520A6C26AB /* Debug */,
				9E96079EB5F940358E9671F5 /* Release */,
			);
			defaultConfigurationIsVisible = 0;
			defaultConfigurationName = Debug;
		};
/* End XCConfigurationList section */
	};
	rootObject = C3AB50BFE78CDA7B84CED9CE /* Project object */;
}
